
Microsoft Visual Studio Solution File, Format Version 12.00
# Visual Studio 15
VisualStudioVersion = 15.0.27130.2036
MinimumVisualStudioVersion = 10.0.40219.1
Project("{9A19103F-16F7-4668-BE54-9A1E7A4F7556}") = "PAC.Business", "PAC.Business\PAC.Business.csproj", "{368CF9EA-3B81-403E-BA95-B85F59589364}"
EndProject
Project("{9A19103F-16F7-4668-BE54-9A1E7A4F7556}") = "PAC.Repositories", "PAC.Repositories\PAC.Repositories.csproj", "{D8F69D72-87D4-4A91-AE3D-BD25EF068DFD}"
EndProject
Project("{9A19103F-16F7-4668-BE54-9A1E7A4F7556}") = "PAC.Entities", "PAC.Entities\PAC.Entities.csproj", "{21A13EE9-F3EB-410D-94A8-145A1AC766D0}"
EndProject
Project("{9A19103F-16F7-4668-BE54-9A1E7A4F7556}") = "PAC.VinculadoAPI", "PAC.VinculadoAPI\PAC.VinculadoAPI.csproj", "{FA2E6A38-0DAC-40FC-9D3B-ABF3CDA7B915}"
EndProject
Project("{9A19103F-16F7-4668-BE54-9A1E7A4F7556}") = "PAC.Middlewares", "PAC.Middlewares\PAC.Middlewares.csproj", "{33BE02FB-6EAE-4E44-B1D1-91A7A128D349}"
EndProject
Project("{9A19103F-16F7-4668-BE54-9A1E7A4F7556}") = "PAC.VehiculoAPI", "PAC.VehiculoAPI\PAC.VehiculoAPI.csproj", "{CFF4FE0D-FE97-4A3D-8775-DAD8C9AAB66E}"
EndProject
Project("{9A19103F-16F7-4668-BE54-9A1E7A4F7556}") = "PAC.Common", "PAC.Common\PAC.Common.csproj", "{E581A2AC-D721-4D2B-8418-E363B158002A}"
EndProject
Project("{9A19103F-16F7-4668-BE54-9A1E7A4F7556}") = "PAC.VehiculoAPI.Test", "PAC.VehiculoAPI.Test\PAC.VehiculoAPI.Test.csproj", "{BEB68E77-11C1-4685-A350-31D5F31A1D74}"
EndProject
Project("{2150E333-8FDC-42A3-9474-1A3956D46DE8}") = "APIs", "APIs", "{EB6AFD0E-D943-451F-A8DB-A3A811F70F61}"
EndProject
Project("{2150E333-8FDC-42A3-9474-1A3956D46DE8}") = "Tests", "Tests", "{8F59D3F5-DD48-4325-9D4B-D0032E5706AF}"
EndProject
Project("{2150E333-8FDC-42A3-9474-1A3956D46DE8}") = "Core", "Core", "{CD49EF8C-BABE-4E76-91A5-16A40164E3AF}"
EndProject
Project("{FAE04EC0-301F-11D3-BF4B-00C04F79EFBC}") = "PAC.Business.Contracts", "PAC.Business.Contracts\PAC.Business.Contracts.csproj", "{B3ED91D7-74ED-4949-BC87-2B0DAD964BDF}"
EndProject
Project("{2150E333-8FDC-42A3-9474-1A3956D46DE8}") = "Client", "Client", "{2056EE6E-9F34-4277-AD57-5FCC52CC416C}"
EndProject
Project("{FAE04EC0-301F-11D3-BF4B-00C04F79EFBC}") = "PAC.WebApplication", "PAC.WebApplication\PAC.WebApplication.csproj", "{8EF50869-55C5-4AFF-9FE6-9997FC459FE7}"
EndProject
Global
	GlobalSection(SolutionConfigurationPlatforms) = preSolution
		Debug|Any CPU = Debug|Any CPU
		Release|Any CPU = Release|Any CPU
	EndGlobalSection
	GlobalSection(ProjectConfigurationPlatforms) = postSolution
		{368CF9EA-3B81-403E-BA95-B85F59589364}.Debug|Any CPU.ActiveCfg = Debug|Any CPU
		{368CF9EA-3B81-403E-BA95-B85F59589364}.Debug|Any CPU.Build.0 = Debug|Any CPU
		{368CF9EA-3B81-403E-BA95-B85F59589364}.Release|Any CPU.ActiveCfg = Release|Any CPU
		{368CF9EA-3B81-403E-BA95-B85F59589364}.Release|Any CPU.Build.0 = Release|Any CPU
		{D8F69D72-87D4-4A91-AE3D-BD25EF068DFD}.Debug|Any CPU.ActiveCfg = Debug|Any CPU
		{D8F69D72-87D4-4A91-AE3D-BD25EF068DFD}.Debug|Any CPU.Build.0 = Debug|Any CPU
		{D8F69D72-87D4-4A91-AE3D-BD25EF068DFD}.Release|Any CPU.ActiveCfg = Release|Any CPU
		{D8F69D72-87D4-4A91-AE3D-BD25EF068DFD}.Release|Any CPU.Build.0 = Release|Any CPU
		{21A13EE9-F3EB-410D-94A8-145A1AC766D0}.Debug|Any CPU.ActiveCfg = Debug|Any CPU
		{21A13EE9-F3EB-410D-94A8-145A1AC766D0}.Debug|Any CPU.Build.0 = Debug|Any CPU
		{21A13EE9-F3EB-410D-94A8-145A1AC766D0}.Release|Any CPU.ActiveCfg = Release|Any CPU
		{21A13EE9-F3EB-410D-94A8-145A1AC766D0}.Release|Any CPU.Build.0 = Release|Any CPU
		{FA2E6A38-0DAC-40FC-9D3B-ABF3CDA7B915}.Debug|Any CPU.ActiveCfg = Debug|Any CPU
		{FA2E6A38-0DAC-40FC-9D3B-ABF3CDA7B915}.Debug|Any CPU.Build.0 = Debug|Any CPU
		{FA2E6A38-0DAC-40FC-9D3B-ABF3CDA7B915}.Release|Any CPU.ActiveCfg = Release|Any CPU
		{FA2E6A38-0DAC-40FC-9D3B-ABF3CDA7B915}.Release|Any CPU.Build.0 = Release|Any CPU
		{33BE02FB-6EAE-4E44-B1D1-91A7A128D349}.Debug|Any CPU.ActiveCfg = Debug|Any CPU
		{33BE02FB-6EAE-4E44-B1D1-91A7A128D349}.Debug|Any CPU.Build.0 = Debug|Any CPU
		{33BE02FB-6EAE-4E44-B1D1-91A7A128D349}.Release|Any CPU.ActiveCfg = Release|Any CPU
		{33BE02FB-6EAE-4E44-B1D1-91A7A128D349}.Release|Any CPU.Build.0 = Release|Any CPU
		{CFF4FE0D-FE97-4A3D-8775-DAD8C9AAB66E}.Debug|Any CPU.ActiveCfg = Debug|Any CPU
		{CFF4FE0D-FE97-4A3D-8775-DAD8C9AAB66E}.Debug|Any CPU.Build.0 = Debug|Any CPU
		{CFF4FE0D-FE97-4A3D-8775-DAD8C9AAB66E}.Release|Any CPU.ActiveCfg = Release|Any CPU
		{CFF4FE0D-FE97-4A3D-8775-DAD8C9AAB66E}.Release|Any CPU.Build.0 = Release|Any CPU
		{E581A2AC-D721-4D2B-8418-E363B158002A}.Debug|Any CPU.ActiveCfg = Debug|Any CPU
		{E581A2AC-D721-4D2B-8418-E363B158002A}.Debug|Any CPU.Build.0 = Debug|Any CPU
		{E581A2AC-D721-4D2B-8418-E363B158002A}.Release|Any CPU.ActiveCfg = Release|Any CPU
		{E581A2AC-D721-4D2B-8418-E363B158002A}.Release|Any CPU.Build.0 = Release|Any CPU
		{BEB68E77-11C1-4685-A350-31D5F31A1D74}.Debug|Any CPU.ActiveCfg = Debug|Any CPU
		{BEB68E77-11C1-4685-A350-31D5F31A1D74}.Debug|Any CPU.Build.0 = Debug|Any CPU
		{BEB68E77-11C1-4685-A350-31D5F31A1D74}.Release|Any CPU.ActiveCfg = Release|Any CPU
		{BEB68E77-11C1-4685-A350-31D5F31A1D74}.Release|Any CPU.Build.0 = Release|Any CPU
		{B3ED91D7-74ED-4949-BC87-2B0DAD964BDF}.Debug|Any CPU.ActiveCfg = Debug|Any CPU
		{B3ED91D7-74ED-4949-BC87-2B0DAD964BDF}.Debug|Any CPU.Build.0 = Debug|Any CPU
		{B3ED91D7-74ED-4949-BC87-2B0DAD964BDF}.Release|Any CPU.ActiveCfg = Release|Any CPU
		{B3ED91D7-74ED-4949-BC87-2B0DAD964BDF}.Release|Any CPU.Build.0 = Release|Any CPU
		{8EF50869-55C5-4AFF-9FE6-9997FC459FE7}.Debug|Any CPU.ActiveCfg = Debug|Any CPU
		{8EF50869-55C5-4AFF-9FE6-9997FC459FE7}.Debug|Any CPU.Build.0 = Debug|Any CPU
		{8EF50869-55C5-4AFF-9FE6-9997FC459FE7}.Release|Any CPU.ActiveCfg = Release|Any CPU
		{8EF50869-55C5-4AFF-9FE6-9997FC459FE7}.Release|Any CPU.Build.0 = Release|Any CPU
	EndGlobalSection
	GlobalSection(SolutionProperties) = preSolution
		HideSolutionNode = FALSE
	EndGlobalSection
	GlobalSection(NestedProjects) = preSolution
		{368CF9EA-3B81-403E-BA95-B85F59589364} = {CD49EF8C-BABE-4E76-91A5-16A40164E3AF}
		{D8F69D72-87D4-4A91-AE3D-BD25EF068DFD} = {CD49EF8C-BABE-4E76-91A5-16A40164E3AF}
		{21A13EE9-F3EB-410D-94A8-145A1AC766D0} = {CD49EF8C-BABE-4E76-91A5-16A40164E3AF}
		{FA2E6A38-0DAC-40FC-9D3B-ABF3CDA7B915} = {EB6AFD0E-D943-451F-A8DB-A3A811F70F61}
		{33BE02FB-6EAE-4E44-B1D1-91A7A128D349} = {CD49EF8C-BABE-4E76-91A5-16A40164E3AF}
		{CFF4FE0D-FE97-4A3D-8775-DAD8C9AAB66E} = {EB6AFD0E-D943-451F-A8DB-A3A811F70F61}
		{E581A2AC-D721-4D2B-8418-E363B158002A} = {CD49EF8C-BABE-4E76-91A5-16A40164E3AF}
		{BEB68E77-11C1-4685-A350-31D5F31A1D74} = {8F59D3F5-DD48-4325-9D4B-D0032E5706AF}
		{B3ED91D7-74ED-4949-BC87-2B0DAD964BDF} = {CD49EF8C-BABE-4E76-91A5-16A40164E3AF}
		{8EF50869-55C5-4AFF-9FE6-9997FC459FE7} = {2056EE6E-9F34-4277-AD57-5FCC52CC416C}
	EndGlobalSection
	GlobalSection(ExtensibilityGlobals) = postSolution
		SolutionGuid = {3FB1E4E6-40AF-470B-899D-93CF9BC1312E}
	EndGlobalSection
EndGlobal
